// !$*UTF8*$!
{
	archiveVersion = 1;
	classes = {
	};
	objectVersion = 48;
	objects = {

/* Begin PBXBuildFile section */
		F2706F632061296C00EA6909 /* CustomError.swift in Sources */ = {isa = PBXBuildFile; fileRef = F2706F622061296C00EA6909 /* CustomError.swift */; };
		F2706F6520612CFA00EA6909 /* ZipcodeModel.swift in Sources */ = {isa = PBXBuildFile; fileRef = F2706F6420612CFA00EA6909 /* ZipcodeModel.swift */; };
		F2716645205FE6BB00CBC4BA /* AppDelegate.swift in Sources */ = {isa = PBXBuildFile; fileRef = F2716644205FE6BB00CBC4BA /* AppDelegate.swift */; };
		F2716647205FE6BB00CBC4BA /* ViewController.swift in Sources */ = {isa = PBXBuildFile; fileRef = F2716646205FE6BB00CBC4BA /* ViewController.swift */; };
		F271664A205FE6BB00CBC4BA /* Main.storyboard in Resources */ = {isa = PBXBuildFile; fileRef = F2716648205FE6BB00CBC4BA /* Main.storyboard */; };
		F271664C205FE6BB00CBC4BA /* Assets.xcassets in Resources */ = {isa = PBXBuildFile; fileRef = F271664B205FE6BB00CBC4BA /* Assets.xcassets */; };
		F271664F205FE6BB00CBC4BA /* LaunchScreen.storyboard in Resources */ = {isa = PBXBuildFile; fileRef = F271664D205FE6BB00CBC4BA /* LaunchScreen.storyboard */; };
		F2716659205FE99600CBC4BA /* FirstViewController.swift in Sources */ = {isa = PBXBuildFile; fileRef = F2716658205FE99600CBC4BA /* FirstViewController.swift */; };
		F271665C205FEC5C00CBC4BA /* CityListViewController.swift in Sources */ = {isa = PBXBuildFile; fileRef = F271665B205FEC5C00CBC4BA /* CityListViewController.swift */; };
		F2716660205FF1A900CBC4BA /* GarbageTruckListViewController.swift in Sources */ = {isa = PBXBuildFile; fileRef = F271665F205FF1A900CBC4BA /* GarbageTruckListViewController.swift */; };
		F2716665206008F400CBC4BA /* NSObject+ClassName.swift in Sources */ = {isa = PBXBuildFile; fileRef = F2716664206008F400CBC4BA /* NSObject+ClassName.swift */; };
		F27166672060094200CBC4BA /* UIViewController+Storyboard.swift in Sources */ = {isa = PBXBuildFile; fileRef = F27166662060094200CBC4BA /* UIViewController+Storyboard.swift */; };
		F271666E2060128C00CBC4BA /* NTPCOpenDataConnect.swift in Sources */ = {isa = PBXBuildFile; fileRef = F271666D2060128C00CBC4BA /* NTPCOpenDataConnect.swift */; };
		F27166702060153900CBC4BA /* NTPCApiDataType.swift in Sources */ = {isa = PBXBuildFile; fileRef = F271666F2060153900CBC4BA /* NTPCApiDataType.swift */; };
		F2716672206017C700CBC4BA /* JsonProtocol.swift in Sources */ = {isa = PBXBuildFile; fileRef = F2716671206017C700CBC4BA /* JsonProtocol.swift */; };
/* End PBXBuildFile section */

/* Begin PBXFileReference section */
		F2706F622061296C00EA6909 /* CustomError.swift */ = {isa = PBXFileReference; lastKnownFileType = sourcecode.swift; path = CustomError.swift; sourceTree = "<group>"; };
		F2706F6420612CFA00EA6909 /* ZipcodeModel.swift */ = {isa = PBXFileReference; lastKnownFileType = sourcecode.swift; path = ZipcodeModel.swift; sourceTree = "<group>"; };
		F2716641205FE6BB00CBC4BA /* NTPCGarbageTruckList.app */ = {isa = PBXFileReference; explicitFileType = wrapper.application; includeInIndex = 0; path = NTPCGarbageTruckList.app; sourceTree = BUILT_PRODUCTS_DIR; };
		F2716644205FE6BB00CBC4BA /* AppDelegate.swift */ = {isa = PBXFileReference; lastKnownFileType = sourcecode.swift; path = AppDelegate.swift; sourceTree = "<group>"; };
		F2716646205FE6BB00CBC4BA /* ViewController.swift */ = {isa = PBXFileReference; lastKnownFileType = sourcecode.swift; path = ViewController.swift; sourceTree = "<group>"; };
		F2716649205FE6BB00CBC4BA /* Base */ = {isa = PBXFileReference; lastKnownFileType = file.storyboard; name = Base; path = Base.lproj/Main.storyboard; sourceTree = "<group>"; };
		F271664B205FE6BB00CBC4BA /* Assets.xcassets */ = {isa = PBXFileReference; lastKnownFileType = folder.assetcatalog; path = Assets.xcassets; sourceTree = "<group>"; };
		F271664E205FE6BB00CBC4BA /* Base */ = {isa = PBXFileReference; lastKnownFileType = file.storyboard; name = Base; path = Base.lproj/LaunchScreen.storyboard; sourceTree = "<group>"; };
		F2716650205FE6BB00CBC4BA /* Info.plist */ = {isa = PBXFileReference; lastKnownFileType = text.plist.xml; path = Info.plist; sourceTree = "<group>"; };
		F2716658205FE99600CBC4BA /* FirstViewController.swift */ = {isa = PBXFileReference; lastKnownFileType = sourcecode.swift; path = FirstViewController.swift; sourceTree = "<group>"; };
		F271665B205FEC5C00CBC4BA /* CityListViewController.swift */ = {isa = PBXFileReference; lastKnownFileType = sourcecode.swift; path = CityListViewController.swift; sourceTree = "<group>"; };
		F271665F205FF1A900CBC4BA /* GarbageTruckListViewController.swift */ = {isa = PBXFileReference; lastKnownFileType = sourcecode.swift; path = GarbageTruckListViewController.swift; sourceTree = "<group>"; };
		F2716664206008F400CBC4BA /* NSObject+ClassName.swift */ = {isa = PBXFileReference; lastKnownFileType = sourcecode.swift; path = "NSObject+ClassName.swift"; sourceTree = "<group>"; };
		F27166662060094200CBC4BA /* UIViewController+Storyboard.swift */ = {isa = PBXFileReference; lastKnownFileType = sourcecode.swift; path = "UIViewController+Storyboard.swift"; sourceTree = "<group>"; };
		F271666D2060128C00CBC4BA /* NTPCOpenDataConnect.swift */ = {isa = PBXFileReference; lastKnownFileType = sourcecode.swift; path = NTPCOpenDataConnect.swift; sourceTree = "<group>"; };
		F271666F2060153900CBC4BA /* NTPCApiDataType.swift */ = {isa = PBXFileReference; lastKnownFileType = sourcecode.swift; path = NTPCApiDataType.swift; sourceTree = "<group>"; };
		F2716671206017C700CBC4BA /* JsonProtocol.swift */ = {isa = PBXFileReference; lastKnownFileType = sourcecode.swift; path = JsonProtocol.swift; sourceTree = "<group>"; };
/* End PBXFileReference section */

/* Begin PBXFrameworksBuildPhase section */
		F271663E205FE6BB00CBC4BA /* Frameworks */ = {
			isa = PBXFrameworksBuildPhase;
			buildActionMask = 2147483647;
			files = (
			);
			runOnlyForDeploymentPostprocessing = 0;
		};
/* End PBXFrameworksBuildPhase section */

/* Begin PBXGroup section */
		F2716638205FE6BB00CBC4BA = {
			isa = PBXGroup;
			children = (
				F2716643205FE6BB00CBC4BA /* NTPCGarbageTruckList */,
				F2716642205FE6BB00CBC4BA /* Products */,
			);
			sourceTree = "<group>";
		};
		F2716642205FE6BB00CBC4BA /* Products */ = {
			isa = PBXGroup;
			children = (
				F2716641205FE6BB00CBC4BA /* NTPCGarbageTruckList.app */,
			);
			name = Products;
			sourceTree = "<group>";
		};
		F2716643205FE6BB00CBC4BA /* NTPCGarbageTruckList */ = {
			isa = PBXGroup;
			children = (
				F2716644205FE6BB00CBC4BA /* AppDelegate.swift */,
				F2716663206008B800CBC4BA /* Extension */,
				F271666C2060121100CBC4BA /* Network */,
				F2716656205FE94600CBC4BA /* ViewController */,
				F2716648205FE6BB00CBC4BA /* Main.storyboard */,
				F271664B205FE6BB00CBC4BA /* Assets.xcassets */,
				F271664D205FE6BB00CBC4BA /* LaunchScreen.storyboard */,
				F2716650205FE6BB00CBC4BA /* Info.plist */,
			);
			path = NTPCGarbageTruckList;
			sourceTree = "<group>";
		};
		F2716656205FE94600CBC4BA /* ViewController */ = {
			isa = PBXGroup;
			children = (
				F2716646205FE6BB00CBC4BA /* ViewController.swift */,
				F27166662060094200CBC4BA /* UIViewController+Storyboard.swift */,
				F2716657205FE97A00CBC4BA /* First */,
				F271665A205FEC2000CBC4BA /* CityList */,
				F271665E205FF17700CBC4BA /* GarbageTruckList */,
			);
			path = ViewController;
			sourceTree = "<group>";
		};
		F2716657205FE97A00CBC4BA /* First */ = {
			isa = PBXGroup;
			children = (
				F2716658205FE99600CBC4BA /* FirstViewController.swift */,
			);
			path = First;
			sourceTree = "<group>";
		};
		F271665A205FEC2000CBC4BA /* CityList */ = {
			isa = PBXGroup;
			children = (
				F271665B205FEC5C00CBC4BA /* CityListViewController.swift */,
			);
			path = CityList;
			sourceTree = "<group>";
		};
		F271665E205FF17700CBC4BA /* GarbageTruckList */ = {
			isa = PBXGroup;
			children = (
				F271665F205FF1A900CBC4BA /* GarbageTruckListViewController.swift */,
			);
			path = GarbageTruckList;
			sourceTree = "<group>";
		};
		F2716663206008B800CBC4BA /* Extension */ = {
			isa = PBXGroup;
			children = (
				F2706F622061296C00EA6909 /* CustomError.swift */,
				F2716664206008F400CBC4BA /* NSObject+ClassName.swift */,
			);
			path = Extension;
			sourceTree = "<group>";
		};
		F271666C2060121100CBC4BA /* Network */ = {
			isa = PBXGroup;
			children = (
				F2716671206017C700CBC4BA /* JsonProtocol.swift */,
				F271666D2060128C00CBC4BA /* NTPCOpenDataConnect.swift */,
				F271666F2060153900CBC4BA /* NTPCApiDataType.swift */,
				F2706F6420612CFA00EA6909 /* ZipcodeModel.swift */,
			);
			path = Network;
			sourceTree = "<group>";
		};
/* End PBXGroup section */

/* Begin PBXNativeTarget section */
		F2716640205FE6BB00CBC4BA /* NTPCGarbageTruckList */ = {
			isa = PBXNativeTarget;
			buildConfigurationList = F2716653205FE6BB00CBC4BA /* Build configuration list for PBXNativeTarget "NTPCGarbageTruckList" */;
			buildPhases = (
				F271663D205FE6BB00CBC4BA /* Sources */,
				F271663E205FE6BB00CBC4BA /* Frameworks */,
				F271663F205FE6BB00CBC4BA /* Resources */,
				F271665D205FEE0800CBC4BA /* Check Swift style and conventions */,
			);
			buildRules = (
			);
			dependencies = (
			);
			name = NTPCGarbageTruckList;
			productName = NTPCGarbageTruckList;
			productReference = F2716641205FE6BB00CBC4BA /* NTPCGarbageTruckList.app */;
			productType = "com.apple.product-type.application";
		};
/* End PBXNativeTarget section */

/* Begin PBXProject section */
		F2716639205FE6BB00CBC4BA /* Project object */ = {
			isa = PBXProject;
			attributes = {
				LastSwiftUpdateCheck = 0920;
				LastUpgradeCheck = 0920;
				TargetAttributes = {
					F2716640205FE6BB00CBC4BA = {
						CreatedOnToolsVersion = 9.2;
						ProvisioningStyle = Automatic;
					};
				};
			};
			buildConfigurationList = F271663C205FE6BB00CBC4BA /* Build configuration list for PBXProject "NTPCGarbageTruckList" */;
			compatibilityVersion = "Xcode 8.0";
			developmentRegion = "zh-TW";
			hasScannedForEncodings = 0;
			knownRegions = (
				"zh-TW",
				Base,
			);
			mainGroup = F2716638205FE6BB00CBC4BA;
			productRefGroup = F2716642205FE6BB00CBC4BA /* Products */;
			projectDirPath = "";
			projectRoot = "";
			targets = (
				F2716640205FE6BB00CBC4BA /* NTPCGarbageTruckList */,
			);
		};
/* End PBXProject section */

/* Begin PBXResourcesBuildPhase section */
		F271663F205FE6BB00CBC4BA /* Resources */ = {
			isa = PBXResourcesBuildPhase;
			buildActionMask = 2147483647;
			files = (
				F271664F205FE6BB00CBC4BA /* LaunchScreen.storyboard in Resources */,
				F271664C205FE6BB00CBC4BA /* Assets.xcassets in Resources */,
				F271664A205FE6BB00CBC4BA /* Main.storyboard in Resources */,
			);
			runOnlyForDeploymentPostprocessing = 0;
		};
/* End PBXResourcesBuildPhase section */

/* Begin PBXShellScriptBuildPhase section */
		F271665D205FEE0800CBC4BA /* Check Swift style and conventions */ = {
			isa = PBXShellScriptBuildPhase;
			buildActionMask = 2147483647;
			files = (
			);
			inputPaths = (
			);
			name = "Check Swift style and conventions";
			outputPaths = (
			);
			runOnlyForDeploymentPostprocessing = 0;
			shellPath = /bin/sh;
			shellScript = "if which swiftlint >/dev/null; then\n    swiftlint\nelse\n    echo \"warning: SwiftLint not installed, Run 'brew bundle'.\"\nfi";
		};
/* End PBXShellScriptBuildPhase section */

/* Begin PBXSourcesBuildPhase section */
		F271663D205FE6BB00CBC4BA /* Sources */ = {
			isa = PBXSourcesBuildPhase;
			buildActionMask = 2147483647;
			files = (
				F27166702060153900CBC4BA /* NTPCApiDataType.swift in Sources */,
				F2716659205FE99600CBC4BA /* FirstViewController.swift in Sources */,
				F2716665206008F400CBC4BA /* NSObject+ClassName.swift in Sources */,
				F2716647205FE6BB00CBC4BA /* ViewController.swift in Sources */,
				F2716645205FE6BB00CBC4BA /* AppDelegate.swift in Sources */,
				F2716660205FF1A900CBC4BA /* GarbageTruckListViewController.swift in Sources */,
				F271665C205FEC5C00CBC4BA /* CityListViewController.swift in Sources */,
				F2706F632061296C00EA6909 /* CustomError.swift in Sources */,
				F2706F6520612CFA00EA6909 /* ZipcodeModel.swift in Sources */,
				F27166672060094200CBC4BA /* UIViewController+Storyboard.swift in Sources */,
				F271666E2060128C00CBC4BA /* NTPCOpenDataConnect.swift in Sources */,
				F2716672206017C700CBC4BA /* JsonProtocol.swift in Sources */,
			);
			runOnlyForDeploymentPostprocessing = 0;
		};
/* End PBXSourcesBuildPhase section */

/* Begin PBXVariantGroup section */
		F2716648205FE6BB00CBC4BA /* Main.storyboard */ = {
			isa = PBXVariantGroup;
			children = (
				F2716649205FE6BB00CBC4BA /* Base */,
			);
			name = Main.storyboard;
			sourceTree = "<group>";
		};
		F271664D205FE6BB00CBC4BA /* LaunchScreen.storyboard */ = {
			isa = PBXVariantGroup;
			children = (
				F271664E205FE6BB00CBC4BA /* Base */,
			);
			name = LaunchScreen.storyboard;
			sourceTree = "<group>";
		};
/* End PBXVariantGroup section */

/* Begin XCBuildConfiguration section */
		F2716651205FE6BB00CBC4BA /* Debug */ = {
			isa = XCBuildConfiguration;
			buildSettings = {
				ALWAYS_SEARCH_USER_PATHS = NO;
				CLANG_ANALYZER_NONNULL = YES;
				CLANG_ANALYZER_NUMBER_OBJECT_CONVERSION = YES_AGGRESSIVE;
				CLANG_CXX_LANGUAGE_STANDARD = "gnu++14";
				CLANG_CXX_LIBRARY = "libc++";
				CLANG_ENABLE_MODULES = YES;
				CLANG_ENABLE_OBJC_ARC = YES;
				CLANG_WARN_BLOCK_CAPTURE_AUTORELEASING = YES;
				CLANG_WARN_BOOL_CONVERSION = YES;
				CLANG_WARN_COMMA = YES;
				CLANG_WARN_CONSTANT_CONVERSION = YES;
				CLANG_WARN_DIRECT_OBJC_ISA_USAGE = YES_ERROR;
				CLANG_WARN_DOCUMENTATION_COMMENTS = YES;
				CLANG_WARN_EMPTY_BODY = YES;
				CLANG_WARN_ENUM_CONVERSION = YES;
				CLANG_WARN_INFINITE_RECURSION = YES;
				CLANG_WARN_INT_CONVERSION = YES;
				CLANG_WARN_NON_LITERAL_NULL_CONVERSION = YES;
				CLANG_WARN_OBJC_LITERAL_CONVERSION = YES;
				CLANG_WARN_OBJC_ROOT_CLASS = YES_ERROR;
				CLANG_WARN_RANGE_LOOP_ANALYSIS = YES;
				CLANG_WARN_STRICT_PROTOTYPES = YES;
				CLANG_WARN_SUSPICIOUS_MOVE = YES;
				CLANG_WARN_UNGUARDED_AVAILABILITY = YES_AGGRESSIVE;
				CLANG_WARN_UNREACHABLE_CODE = YES;
				CLANG_WARN__DUPLICATE_METHOD_MATCH = YES;
				CODE_SIGN_IDENTITY = "iPhone Developer";
				COPY_PHASE_STRIP = NO;
				DEBUG_INFORMATION_FORMAT = dwarf;
				ENABLE_STRICT_OBJC_MSGSEND = YES;
				ENABLE_TESTABILITY = YES;
				GCC_C_LANGUAGE_STANDARD = gnu11;
				GCC_DYNAMIC_NO_PIC = NO;
				GCC_NO_COMMON_BLOCKS = YES;
				GCC_OPTIMIZATION_LEVEL = 0;
				GCC_PREPROCESSOR_DEFINITIONS = (
					"DEBUG=1",
					"$(inherited)",
				);
				GCC_WARN_64_TO_32_BIT_CONVERSION = YES;
				GCC_WARN_ABOUT_RETURN_TYPE = YES_ERROR;
				GCC_WARN_UNDECLARED_SELECTOR = YES;
				GCC_WARN_UNINITIALIZED_AUTOS = YES_AGGRESSIVE;
				GCC_WARN_UNUSED_FUNCTION = YES;
				GCC_WARN_UNUSED_VARIABLE = YES;
				IPHONEOS_DEPLOYMENT_TARGET = 11.2;
				MTL_ENABLE_DEBUG_INFO = YES;
				ONLY_ACTIVE_ARCH = YES;
				SDKROOT = iphoneos;
				SWIFT_ACTIVE_COMPILATION_CONDITIONS = DEBUG;
				SWIFT_OPTIMIZATION_LEVEL = "-Onone";
			};
			name = Debug;
		};
		F2716652205FE6BB00CBC4BA /* Release */ = {
			isa = XCBuildConfiguration;
			buildSettings = {
				ALWAYS_SEARCH_USER_PATHS = NO;
				CLANG_ANALYZER_NONNULL = YES;
				CLANG_ANALYZER_NUMBER_OBJECT_CONVERSION = YES_AGGRESSIVE;
				CLANG_CXX_LANGUAGE_STANDARD = "gnu++14";
				CLANG_CXX_LIBRARY = "libc++";
				CLANG_ENABLE_MODULES = YES;
				CLANG_ENABLE_OBJC_ARC = YES;
				CLANG_WARN_BLOCK_CAPTURE_AUTORELEASING = YES;
				CLANG_WARN_BOOL_CONVERSION = YES;
				CLANG_WARN_COMMA = YES;
				CLANG_WARN_CONSTANT_CONVERSION = YES;
				CLANG_WARN_DIRECT_OBJC_ISA_USAGE = YES_ERROR;
				CLANG_WARN_DOCUMENTATION_COMMENTS = YES;
				CLANG_WARN_EMPTY_BODY = YES;
				CLANG_WARN_ENUM_CONVERSION = YES;
				CLANG_WARN_INFINITE_RECURSION = YES;
				CLANG_WARN_INT_CONVERSION = YES;
				CLANG_WARN_NON_LITERAL_NULL_CONVERSION = YES;
				CLANG_WARN_OBJC_LITERAL_CONVERSION = YES;
				CLANG_WARN_OBJC_ROOT_CLASS = YES_ERROR;
				CLANG_WARN_RANGE_LOOP_ANALYSIS = YES;
				CLANG_WARN_STRICT_PROTOTYPES = YES;
				CLANG_WARN_SUSPICIOUS_MOVE = YES;
				CLANG_WARN_UNGUARDED_AVAILABILITY = YES_AGGRESSIVE;
				CLANG_WARN_UNREACHABLE_CODE = YES;
				CLANG_WARN__DUPLICATE_METHOD_MATCH = YES;
				CODE_SIGN_IDENTITY = "iPhone Developer";
				COPY_PHASE_STRIP = NO;
				DEBUG_INFORMATION_FORMAT = "dwarf-with-dsym";
				ENABLE_NS_ASSERTIONS = NO;
				ENABLE_STRICT_OBJC_MSGSEND = YES;
				GCC_C_LANGUAGE_STANDARD = gnu11;
				GCC_NO_COMMON_BLOCKS = YES;
				GCC_WARN_64_TO_32_BIT_CONVERSION = YES;
				GCC_WARN_ABOUT_RETURN_TYPE = YES_ERROR;
				GCC_WARN_UNDECLARED_SELECTOR = YES;
				GCC_WARN_UNINITIALIZED_AUTOS = YES_AGGRESSIVE;
				GCC_WARN_UNUSED_FUNCTION = YES;
				GCC_WARN_UNUSED_VARIABLE = YES;
				IPHONEOS_DEPLOYMENT_TARGET = 11.2;
				MTL_ENABLE_DEBUG_INFO = NO;
				SDKROOT = iphoneos;
				SWIFT_OPTIMIZATION_LEVEL = "-Owholemodule";
				VALIDATE_PRODUCT = YES;
			};
			name = Release;
		};
		F2716654205FE6BB00CBC4BA /* Debug */ = {
			isa = XCBuildConfiguration;
			buildSettings = {
				ASSETCATALOG_COMPILER_APPICON_NAME = AppIcon;
				CODE_SIGN_STYLE = Automatic;
				CURRENT_PROJECT_VERSION = 1;
				INFOPLIST_FILE = NTPCGarbageTruckList/Info.plist;
				LD_RUNPATH_SEARCH_PATHS = "$(inherited) @executable_path/Frameworks";
				PRODUCT_BUNDLE_IDENTIFIER = tw.com.haolee.NTPCGarbageTruckList;
				PRODUCT_NAME = "$(TARGET_NAME)";
				SWIFT_VERSION = 4.0;
				TARGETED_DEVICE_FAMILY = "1,2";
				VERSIONING_SYSTEM = "apple-generic";
			};
			name = Debug;
		};
		F2716655205FE6BB00CBC4BA /* Release */ = {
			isa = XCBuildConfiguration;
			buildSettings = {
				ASSETCATALOG_COMPILER_APPICON_NAME = AppIcon;
				CODE_SIGN_STYLE = Automatic;
				CURRENT_PROJECT_VERSION = 1;
				INFOPLIST_FILE = NTPCGarbageTruckList/Info.plist;
				LD_RUNPATH_SEARCH_PATHS = "$(inherited) @executable_path/Frameworks";
				PRODUCT_BUNDLE_IDENTIFIER = tw.com.haolee.NTPCGarbageTruckList;
				PRODUCT_NAME = "$(TARGET_NAME)";
				SWIFT_VERSION = 4.0;
				TARGETED_DEVICE_FAMILY = "1,2";
				VERSIONING_SYSTEM = "apple-generic";
			};
			name = Release;
		};
/* End XCBuildConfiguration section */

/* Begin XCConfigurationList section */
		F271663C205FE6BB00CBC4BA /* Build configuration list for PBXProject "NTPCGarbageTruckList" */ = {
			isa = XCConfigurationList;
			buildConfigurations = (
				F2716651205FE6BB00CBC4BA /* Debug */,
				F2716652205FE6BB00CBC4BA /* Release */,
			);
			defaultConfigurationIsVisible = 0;
			defaultConfigurationName = Release;
		};
		F2716653205FE6BB00CBC4BA /* Build configuration list for PBXNativeTarget "NTPCGarbageTruckList" */ = {
			isa = XCConfigurationList;
			buildConfigurations = (
				F2716654205FE6BB00CBC4BA /* Debug */,
				F2716655205FE6BB00CBC4BA /* Release */,
			);
			defaultConfigurationIsVisible = 0;
			defaultConfigurationName = Release;
		};
/* End XCConfigurationList section */
	};
	rootObject = F2716639205FE6BB00CBC4BA /* Project object */;
}
